
Microsoft Visual Studio Solution File, Format Version 12.00
# Visual Studio Version 16
VisualStudioVersion = 16.0.31727.386
MinimumVisualStudioVersion = 10.0.40219.1
Project("{9A19103F-16F7-4668-BE54-9A1E7A4F7556}") = "WebApp", "WebApp\WebApp.csproj", "{58CC7C3F-0ED1-434C-89D0-B518DFB94D32}"
EndProject
Project("{9A19103F-16F7-4668-BE54-9A1E7A4F7556}") = "ChinookSystem", "ChinookSystem\ChinookSystem.csproj", "{1C1F9A3C-BA9D-4513-9C89-1D1386DCEB1E}"
EndProject
Global
	GlobalSection(SolutionConfigurationPlatforms) = preSolution
		Debug|Any CPU = Debug|Any CPU
		Release|Any CPU = Release|Any CPU
	EndGlobalSection
	GlobalSection(ProjectConfigurationPlatforms) = postSolution
		{58CC7C3F-0ED1-434C-89D0-B518DFB94D32}.Debug|Any CPU.ActiveCfg = Debug|Any CPU
		{58CC7C3F-0ED1-434C-89D0-B518DFB94D32}.Debug|Any CPU.Build.0 = Debug|Any CPU
		{58CC7C3F-0ED1-434C-89D0-B518DFB94D32}.Release|Any CPU.ActiveCfg = Release|Any CPU
		{58CC7C3F-0ED1-434C-89D0-B518DFB94D32}.Release|Any CPU.Build.0 = Release|Any CPU
		{1C1F9A3C-BA9D-4513-9C89-1D1386DCEB1E}.Debug|Any CPU.ActiveCfg = Debug|Any CPU
		{1C1F9A3C-BA9D-4513-9C89-1D1386DCEB1E}.Debug|Any CPU.Build.0 = Debug|Any CPU
		{1C1F9A3C-BA9D-4513-9C89-1D1386DCEB1E}.Release|Any CPU.ActiveCfg = Release|Any CPU
		{1C1F9A3C-BA9D-4513-9C89-1D1386DCEB1E}.Release|Any CPU.Build.0 = Release|Any CPU
	EndGlobalSection
	GlobalSection(SolutionProperties) = preSolution
		HideSolutionNode = FALSE
	EndGlobalSection
	GlobalSection(ExtensibilityGlobals) = postSolution
		SolutionGuid = {7E776AA9-4E72-40F8-8CBC-DA6E2766FE89}
	EndGlobalSection
EndGlobal
